<?xml version="1.0" encoding="utf-8"?>
<Project ToolsVersion="4.0" xmlns="http://schemas.microsoft.com/developer/msbuild/2003">
  <ItemGroup>
    <Filter Include="ソース ファイル">
      <UniqueIdentifier>{4FC737F1-C7A5-4376-A066-2A32D752A2FF}</UniqueIdentifier>
      <Extensions>cpp;c;cc;cxx;def;odl;idl;hpj;bat;asm;asmx</Extensions>
    </Filter>
    <Filter Include="ヘッダー ファイル">
      <UniqueIdentifier>{93995380-89BD-4b04-88EB-625FBE52EBFB}</UniqueIdentifier>
      <Extensions>h;hh;hpp;hxx;hm;inl;inc;xsd</Extensions>
    </Filter>
    <Filter Include="リソース ファイル">
      <UniqueIdentifier>{67DA6AB6-F800-4c08-8B7A-83BB121AAD01}</UniqueIdentifier>
      <Extensions>rc;ico;cur;bmp;dlg;rc2;rct;bin;rgs;gif;jpg;jpeg;jpe;resx;tiff;tif;png;wav;mfcribbon-ms</Extensions>
    </Filter>
    <Filter Include="ソース ファイル\Core">
      <UniqueIdentifier>{a487de46-51ab-4426-99e6-ab524fa1fdf3}</UniqueIdentifier>
    </Filter>
    <Filter Include="ソース ファイル\Lib">
      <UniqueIdentifier>{f0cba639-6de8-4358-b658-2ece1aba2e09}</UniqueIdentifier>
    </Filter>
  </ItemGroup>
  <ItemGroup>
    <Text Include="ReadMe.txt" />
  </ItemGroup>
  <ItemGroup>
    <ClCompile Include="Core\lapi.c">
      <Filter>ソース ファイル\Core</Filter>
    </ClCompile>
    <ClCompile Include="Core\lcode.c">
      <Filter>ソース ファイル\Core</Filter>
    </ClCompile>
    <ClCompile Include="Core\lctype.c">
      <Filter>ソース ファイル\Core</Filter>
    </ClCompile>
    <ClCompile Include="Core\ldebug.c">
      <Filter>ソース ファイル\Core</Filter>
    </ClCompile>
    <ClCompile Include="Core\ldo.c">
      <Filter>ソース ファイル\Core</Filter>
    </ClCompile>
    <ClCompile Include="Core\ldump.c">
      <Filter>ソース ファイル\Core</Filter>
    </ClCompile>
    <ClCompile Include="Core\lfunc.c">
      <Filter>ソース ファイル\Core</Filter>
    </ClCompile>
    <ClCompile Include="Core\lgc.c">
      <Filter>ソース ファイル\Core</Filter>
    </ClCompile>
    <ClCompile Include="Core\linit.c">
      <Filter>ソース ファイル\Core</Filter>
    </ClCompile>
    <ClCompile Include="Core\llex.c">
      <Filter>ソース ファイル\Core</Filter>
    </ClCompile>
    <ClCompile Include="Core\lmem.c">
      <Filter>ソース ファイル\Core</Filter>
    </ClCompile>
    <ClCompile Include="Core\lobject.c">
      <Filter>ソース ファイル\Core</Filter>
    </ClCompile>
    <ClCompile Include="Core\lopcodes.c">
      <Filter>ソース ファイル\Core</Filter>
    </ClCompile>
    <ClCompile Include="Core\lparser.c">
      <Filter>ソース ファイル\Core</Filter>
    </ClCompile>
    <ClCompile Include="Core\lstate.c">
      <Filter>ソース ファイル\Core</Filter>
    </ClCompile>
    <ClCompile Include="Core\lstring.c">
      <Filter>ソース ファイル\Core</Filter>
    </ClCompile>
    <ClCompile Include="Core\ltable.c">
      <Filter>ソース ファイル\Core</Filter>
    </ClCompile>
    <ClCompile Include="Core\ltm.c">
      <Filter>ソース ファイル\Core</Filter>
    </ClCompile>
    <ClCompile Include="Core\lundump.c">
      <Filter>ソース ファイル\Core</Filter>
    </ClCompile>
    <ClCompile Include="Core\lvm.c">
      <Filter>ソース ファイル\Core</Filter>
    </ClCompile>
    <ClCompile Include="Core\lzio.c">
      <Filter>ソース ファイル\Core</Filter>
    </ClCompile>
    <ClCompile Include="Lib\lauxlib.c">
      <Filter>ソース ファイル\Lib</Filter>
    </ClCompile>
    <ClCompile Include="Lib\lbaselib.c">
      <Filter>ソース ファイル\Lib</Filter>
    </ClCompile>
    <ClCompile Include="Lib\lbitlib.c">
      <Filter>ソース ファイル\Lib</Filter>
    </ClCompile>
    <ClCompile Include="Lib\lcorolib.c">
      <Filter>ソース ファイル\Lib</Filter>
    </ClCompile>
    <ClCompile Include="Lib\ldblib.c">
      <Filter>ソース ファイル\Lib</Filter>
    </ClCompile>
    <ClCompile Include="Lib\liolib.c">
      <Filter>ソース ファイル\Lib</Filter>
    </ClCompile>
    <ClCompile Include="Lib\lmathlib.c">
      <Filter>ソース ファイル\Lib</Filter>
    </ClCompile>
    <ClCompile Include="Lib\loadlib.c">
      <Filter>ソース ファイル\Lib</Filter>
    </ClCompile>
    <ClCompile Include="Lib\loslib.c">
      <Filter>ソース ファイル\Lib</Filter>
    </ClCompile>
    <ClCompile Include="Lib\lstrlib.c">
      <Filter>ソース ファイル\Lib</Filter>
    </ClCompile>
    <ClCompile Include="Lib\ltablib.c">
      <Filter>ソース ファイル\Lib</Filter>
    </ClCompile>
    <ClCompile Include="Lib\lutf8lib.c">
      <Filter>ソース ファイル\Lib</Filter>
    </ClCompile>
  </ItemGroup>
</Project>